
Microsoft Visual Studio Solution File, Format Version 11.00
# Visual Studio 2010
Project("{FAE04EC0-301F-11D3-BF4B-00C04F79EFBC}") = "MailCheck", "WindowsFormsApplication3\MailCheck.csproj", "{A06E96D3-297E-42D9-8413-58C174932226}"
EndProject
Global
	GlobalSection(SolutionConfigurationPlatforms) = preSolution
		Debug|x86 = Debug|x86
		Release|x86 = Release|x86
	EndGlobalSection
	GlobalSection(ProjectConfigurationPlatforms) = postSolution
		{A06E96D3-297E-42D9-8413-58C174932226}.Debug|x86.ActiveCfg = Debug|x86
		{A06E96D3-297E-42D9-8413-58C174932226}.Debug|x86.Build.0 = Debug|x86
		{A06E96D3-297E-42D9-8413-58C174932226}.Release|x86.ActiveCfg = Release|x86
		{A06E96D3-297E-42D9-8413-58C174932226}.Release|x86.Build.0 = Release|x86
	EndGlobalSection
	GlobalSection(SolutionProperties) = preSolution
		HideSolutionNode = FALSE
	EndGlobalSection
EndGlobal
